
Microsoft Visual Studio Solution File, Format Version 12.00
# Visual Studio Version 16
VisualStudioVersion = 16.0.31729.503
MinimumVisualStudioVersion = 10.0.40219.1
Project("{FAE04EC0-301F-11D3-BF4B-00C04F79EFBC}") = "Döviz_Ofisi", "Döviz_Ofisi\Döviz_Ofisi.csproj", "{E2B07B04-A626-480B-8217-4E8733F86FE9}"
EndProject
Global
	GlobalSection(SolutionConfigurationPlatforms) = preSolution
		Debug|Any CPU = Debug|Any CPU
		Release|Any CPU = Release|Any CPU
	EndGlobalSection
	GlobalSection(ProjectConfigurationPlatforms) = postSolution
		{E2B07B04-A626-480B-8217-4E8733F86FE9}.Debug|Any CPU.ActiveCfg = Debug|Any CPU
		{E2B07B04-A626-480B-8217-4E8733F86FE9}.Debug|Any CPU.Build.0 = Debug|Any CPU
		{E2B07B04-A626-480B-8217-4E8733F86FE9}.Release|Any CPU.ActiveCfg = Release|Any CPU
		{E2B07B04-A626-480B-8217-4E8733F86FE9}.Release|Any CPU.Build.0 = Release|Any CPU
	EndGlobalSection
	GlobalSection(SolutionProperties) = preSolution
		HideSolutionNode = FALSE
	EndGlobalSection
	GlobalSection(ExtensibilityGlobals) = postSolution
		SolutionGuid = {54DE10D3-0CAD-4C1C-B71D-6B13CBD82317}
	EndGlobalSection
EndGlobal
